
Microsoft Visual Studio Solution File, Format Version 12.00
# Visual Studio Version 17
VisualStudioVersion = 17.0.31903.59
MinimumVisualStudioVersion = 10.0.40219.1
Project("{2150E333-8FDC-42A3-9474-1A3956D46DE8}") = "src", "src", "{827E0CD3-B72D-47B6-A68D-7590B98EB39B}"
EndProject
Project("{FAE04EC0-301F-11D3-BF4B-00C04F79EFBC}") = "HRMS.Core", "src\HRMS.Core\HRMS.Core.csproj", "{03E679F2-FB91-47E1-8EA1-298D6A1E4169}"
EndProject
Project("{FAE04EC0-301F-11D3-BF4B-00C04F79EFBC}") = "HRMS.Infrastructure", "src\HRMS.Infrastructure\HRMS.Infrastructure.csproj", "{194A2792-1B9C-4ED6-96AE-D3500612742A}"
EndProject
Project("{FAE04EC0-301F-11D3-BF4B-00C04F79EFBC}") = "HRMS.Services", "src\HRMS.Services\HRMS.Services.csproj", "{39A3EF5A-339B-42EB-B79C-4A195EBE9DCF}"
EndProject
Project("{FAE04EC0-301F-11D3-BF4B-00C04F79EFBC}") = "HRMS.Web", "src\HRMS.Web\HRMS.Web.csproj", "{D7763991-76D8-4640-B30F-C38ACD9E82C8}"
EndProject
Project("{2150E333-8FDC-42A3-9474-1A3956D46DE8}") = "tests", "tests", "{0AB3BF05-4346-4AA6-1389-037BE0695223}"
EndProject
Project("{FAE04EC0-301F-11D3-BF4B-00C04F79EFBC}") = "HRMS.UnitTests", "tests\HRMS.UnitTests\HRMS.UnitTests.csproj", "{0F6CAC4D-3231-4663-A0C7-4B488FE0AEC2}"
EndProject
Project("{FAE04EC0-301F-11D3-BF4B-00C04F79EFBC}") = "HRMS.IntegrationTests", "tests\HRMS.IntegrationTests\HRMS.IntegrationTests.csproj", "{F939209B-BAC6-4129-AE2E-49424CEA524C}"
EndProject
Global
	GlobalSection(SolutionConfigurationPlatforms) = preSolution
		Debug|Any CPU = Debug|Any CPU
		Debug|x64 = Debug|x64
		Debug|x86 = Debug|x86
		Release|Any CPU = Release|Any CPU
		Release|x64 = Release|x64
		Release|x86 = Release|x86
	EndGlobalSection
	GlobalSection(ProjectConfigurationPlatforms) = postSolution
		{03E679F2-FB91-47E1-8EA1-298D6A1E4169}.Debug|Any CPU.ActiveCfg = Debug|Any CPU
		{03E679F2-FB91-47E1-8EA1-298D6A1E4169}.Debug|Any CPU.Build.0 = Debug|Any CPU
		{03E679F2-FB91-47E1-8EA1-298D6A1E4169}.Debug|x64.ActiveCfg = Debug|Any CPU
		{03E679F2-FB91-47E1-8EA1-298D6A1E4169}.Debug|x64.Build.0 = Debug|Any CPU
		{03E679F2-FB91-47E1-8EA1-298D6A1E4169}.Debug|x86.ActiveCfg = Debug|Any CPU
		{03E679F2-FB91-47E1-8EA1-298D6A1E4169}.Debug|x86.Build.0 = Debug|Any CPU
		{03E679F2-FB91-47E1-8EA1-298D6A1E4169}.Release|Any CPU.ActiveCfg = Release|Any CPU
		{03E679F2-FB91-47E1-8EA1-298D6A1E4169}.Release|Any CPU.Build.0 = Release|Any CPU
		{03E679F2-FB91-47E1-8EA1-298D6A1E4169}.Release|x64.ActiveCfg = Release|Any CPU
		{03E679F2-FB91-47E1-8EA1-298D6A1E4169}.Release|x64.Build.0 = Release|Any CPU
		{03E679F2-FB91-47E1-8EA1-298D6A1E4169}.Release|x86.ActiveCfg = Release|Any CPU
		{03E679F2-FB91-47E1-8EA1-298D6A1E4169}.Release|x86.Build.0 = Release|Any CPU
		{194A2792-1B9C-4ED6-96AE-D3500612742A}.Debug|Any CPU.ActiveCfg = Debug|Any CPU
		{194A2792-1B9C-4ED6-96AE-D3500612742A}.Debug|Any CPU.Build.0 = Debug|Any CPU
		{194A2792-1B9C-4ED6-96AE-D3500612742A}.Debug|x64.ActiveCfg = Debug|Any CPU
		{194A2792-1B9C-4ED6-96AE-D3500612742A}.Debug|x64.Build.0 = Debug|Any CPU
		{194A2792-1B9C-4ED6-96AE-D3500612742A}.Debug|x86.ActiveCfg = Debug|Any CPU
		{194A2792-1B9C-4ED6-96AE-D3500612742A}.Debug|x86.Build.0 = Debug|Any CPU
		{194A2792-1B9C-4ED6-96AE-D3500612742A}.Release|Any CPU.ActiveCfg = Release|Any CPU
		{194A2792-1B9C-4ED6-96AE-D3500612742A}.Release|Any CPU.Build.0 = Release|Any CPU
		{194A2792-1B9C-4ED6-96AE-D3500612742A}.Release|x64.ActiveCfg = Release|Any CPU
		{194A2792-1B9C-4ED6-96AE-D3500612742A}.Release|x64.Build.0 = Release|Any CPU
		{194A2792-1B9C-4ED6-96AE-D3500612742A}.Release|x86.ActiveCfg = Release|Any CPU
		{194A2792-1B9C-4ED6-96AE-D3500612742A}.Release|x86.Build.0 = Release|Any CPU
		{39A3EF5A-339B-42EB-B79C-4A195EBE9DCF}.Debug|Any CPU.ActiveCfg = Debug|Any CPU
		{39A3EF5A-339B-42EB-B79C-4A195EBE9DCF}.Debug|Any CPU.Build.0 = Debug|Any CPU
		{39A3EF5A-339B-42EB-B79C-4A195EBE9DCF}.Debug|x64.ActiveCfg = Debug|Any CPU
		{39A3EF5A-339B-42EB-B79C-4A195EBE9DCF}.Debug|x64.Build.0 = Debug|Any CPU
		{39A3EF5A-339B-42EB-B79C-4A195EBE9DCF}.Debug|x86.ActiveCfg = Debug|Any CPU
		{39A3EF5A-339B-42EB-B79C-4A195EBE9DCF}.Debug|x86.Build.0 = Debug|Any CPU
		{39A3EF5A-339B-42EB-B79C-4A195EBE9DCF}.Release|Any CPU.ActiveCfg = Release|Any CPU
		{39A3EF5A-339B-42EB-B79C-4A195EBE9DCF}.Release|Any CPU.Build.0 = Release|Any CPU
		{39A3EF5A-339B-42EB-B79C-4A195EBE9DCF}.Release|x64.ActiveCfg = Release|Any CPU
		{39A3EF5A-339B-42EB-B79C-4A195EBE9DCF}.Release|x64.Build.0 = Release|Any CPU
		{39A3EF5A-339B-42EB-B79C-4A195EBE9DCF}.Release|x86.ActiveCfg = Release|Any CPU
		{39A3EF5A-339B-42EB-B79C-4A195EBE9DCF}.Release|x86.Build.0 = Release|Any CPU
		{D7763991-76D8-4640-B30F-C38ACD9E82C8}.Debug|Any CPU.ActiveCfg = Debug|Any CPU
		{D7763991-76D8-4640-B30F-C38ACD9E82C8}.Debug|Any CPU.Build.0 = Debug|Any CPU
		{D7763991-76D8-4640-B30F-C38ACD9E82C8}.Debug|x64.ActiveCfg = Debug|Any CPU
		{D7763991-76D8-4640-B30F-C38ACD9E82C8}.Debug|x64.Build.0 = Debug|Any CPU
		{D7763991-76D8-4640-B30F-C38ACD9E82C8}.Debug|x86.ActiveCfg = Debug|Any CPU
		{D7763991-76D8-4640-B30F-C38ACD9E82C8}.Debug|x86.Build.0 = Debug|Any CPU
		{D7763991-76D8-4640-B30F-C38ACD9E82C8}.Release|Any CPU.ActiveCfg = Release|Any CPU
		{D7763991-76D8-4640-B30F-C38ACD9E82C8}.Release|Any CPU.Build.0 = Release|Any CPU
		{D7763991-76D8-4640-B30F-C38ACD9E82C8}.Release|x64.ActiveCfg = Release|Any CPU
		{D7763991-76D8-4640-B30F-C38ACD9E82C8}.Release|x64.Build.0 = Release|Any CPU
		{D7763991-76D8-4640-B30F-C38ACD9E82C8}.Release|x86.ActiveCfg = Release|Any CPU
		{D7763991-76D8-4640-B30F-C38ACD9E82C8}.Release|x86.Build.0 = Release|Any CPU
		{0F6CAC4D-3231-4663-A0C7-4B488FE0AEC2}.Debug|Any CPU.ActiveCfg = Debug|Any CPU
		{0F6CAC4D-3231-4663-A0C7-4B488FE0AEC2}.Debug|Any CPU.Build.0 = Debug|Any CPU
		{0F6CAC4D-3231-4663-A0C7-4B488FE0AEC2}.Debug|x64.ActiveCfg = Debug|Any CPU
		{0F6CAC4D-3231-4663-A0C7-4B488FE0AEC2}.Debug|x64.Build.0 = Debug|Any CPU
		{0F6CAC4D-3231-4663-A0C7-4B488FE0AEC2}.Debug|x86.ActiveCfg = Debug|Any CPU
		{0F6CAC4D-3231-4663-A0C7-4B488FE0AEC2}.Debug|x86.Build.0 = Debug|Any CPU
		{0F6CAC4D-3231-4663-A0C7-4B488FE0AEC2}.Release|Any CPU.ActiveCfg = Release|Any CPU
		{0F6CAC4D-3231-4663-A0C7-4B488FE0AEC2}.Release|Any CPU.Build.0 = Release|Any CPU
		{0F6CAC4D-3231-4663-A0C7-4B488FE0AEC2}.Release|x64.ActiveCfg = Release|Any CPU
		{0F6CAC4D-3231-4663-A0C7-4B488FE0AEC2}.Release|x64.Build.0 = Release|Any CPU
		{0F6CAC4D-3231-4663-A0C7-4B488FE0AEC2}.Release|x86.ActiveCfg = Release|Any CPU
		{0F6CAC4D-3231-4663-A0C7-4B488FE0AEC2}.Release|x86.Build.0 = Release|Any CPU
		{F939209B-BAC6-4129-AE2E-49424CEA524C}.Debug|Any CPU.ActiveCfg = Debug|Any CPU
		{F939209B-BAC6-4129-AE2E-49424CEA524C}.Debug|Any CPU.Build.0 = Debug|Any CPU
		{F939209B-BAC6-4129-AE2E-49424CEA524C}.Debug|x64.ActiveCfg = Debug|Any CPU
		{F939209B-BAC6-4129-AE2E-49424CEA524C}.Debug|x64.Build.0 = Debug|Any CPU
		{F939209B-BAC6-4129-AE2E-49424CEA524C}.Debug|x86.ActiveCfg = Debug|Any CPU
		{F939209B-BAC6-4129-AE2E-49424CEA524C}.Debug|x86.Build.0 = Debug|Any CPU
		{F939209B-BAC6-4129-AE2E-49424CEA524C}.Release|Any CPU.ActiveCfg = Release|Any CPU
		{F939209B-BAC6-4129-AE2E-49424CEA524C}.Release|Any CPU.Build.0 = Release|Any CPU
		{F939209B-BAC6-4129-AE2E-49424CEA524C}.Release|x64.ActiveCfg = Release|Any CPU
		{F939209B-BAC6-4129-AE2E-49424CEA524C}.Release|x64.Build.0 = Release|Any CPU
		{F939209B-BAC6-4129-AE2E-49424CEA524C}.Release|x86.ActiveCfg = Release|Any CPU
		{F939209B-BAC6-4129-AE2E-49424CEA524C}.Release|x86.Build.0 = Release|Any CPU
	EndGlobalSection
	GlobalSection(SolutionProperties) = preSolution
		HideSolutionNode = FALSE
	EndGlobalSection
	GlobalSection(NestedProjects) = preSolution
		{03E679F2-FB91-47E1-8EA1-298D6A1E4169} = {827E0CD3-B72D-47B6-A68D-7590B98EB39B}
		{194A2792-1B9C-4ED6-96AE-D3500612742A} = {827E0CD3-B72D-47B6-A68D-7590B98EB39B}
		{39A3EF5A-339B-42EB-B79C-4A195EBE9DCF} = {827E0CD3-B72D-47B6-A68D-7590B98EB39B}
		{D7763991-76D8-4640-B30F-C38ACD9E82C8} = {827E0CD3-B72D-47B6-A68D-7590B98EB39B}
		{0F6CAC4D-3231-4663-A0C7-4B488FE0AEC2} = {0AB3BF05-4346-4AA6-1389-037BE0695223}
		{F939209B-BAC6-4129-AE2E-49424CEA524C} = {0AB3BF05-4346-4AA6-1389-037BE0695223}
	EndGlobalSection
	GlobalSection(ExtensibilityGlobals) = postSolution
		SolutionGuid = {E6863993-1DF9-4857-9704-B2FD1BEF940D}
	EndGlobalSection
EndGlobal
